// !$*UTF8*$!
{
	archiveVersion = 1;
	classes = {
	};
	objectVersion = 56;
	objects = {

/* Begin PBXBuildFile section */
		E6372BD629DC744400BDBE01 /* BettingChartView.swift in Sources */ = {isa = PBXBuildFile; fileRef = E6372BD529DC744400BDBE01 /* BettingChartView.swift */; };
		E64C413D29DA4FFC00496AC8 /* K.swift in Sources */ = {isa = PBXBuildFile; fileRef = E64C413C29DA4FFC00496AC8 /* K.swift */; };
		E64C413F29DA548700496AC8 /* Utilities.swift in Sources */ = {isa = PBXBuildFile; fileRef = E64C413E29DA548700496AC8 /* Utilities.swift */; };
		E64C414229DA618800496AC8 /* PaddedTextField.swift in Sources */ = {isa = PBXBuildFile; fileRef = E64C414129DA618800496AC8 /* PaddedTextField.swift */; };
		E64C414429DB114500496AC8 /* BirthdayController.swift in Sources */ = {isa = PBXBuildFile; fileRef = E64C414329DB114400496AC8 /* BirthdayController.swift */; };
		E64C414629DB128500496AC8 /* GoogleService-Info.plist in Resources */ = {isa = PBXBuildFile; fileRef = E64C414529DB128500496AC8 /* GoogleService-Info.plist */; };
		E64C414929DB132000496AC8 /* FirebaseAuth in Frameworks */ = {isa = PBXBuildFile; productRef = E64C414829DB132000496AC8 /* FirebaseAuth */; };
		E64C414B29DB132000496AC8 /* FirebaseDatabase in Frameworks */ = {isa = PBXBuildFile; productRef = E64C414A29DB132000496AC8 /* FirebaseDatabase */; };
		E64C414D29DB132000496AC8 /* FirebaseDatabaseSwift in Frameworks */ = {isa = PBXBuildFile; productRef = E64C414C29DB132000496AC8 /* FirebaseDatabaseSwift */; };
		E64C414F29DB132000496AC8 /* FirebaseFirestore in Frameworks */ = {isa = PBXBuildFile; productRef = E64C414E29DB132000496AC8 /* FirebaseFirestore */; };
		E64C415129DB132000496AC8 /* FirebaseFirestoreCombine-Community in Frameworks */ = {isa = PBXBuildFile; productRef = E64C415029DB132000496AC8 /* FirebaseFirestoreCombine-Community */; };
		E64C415329DB132000496AC8 /* FirebaseFirestoreSwift in Frameworks */ = {isa = PBXBuildFile; productRef = E64C415229DB132000496AC8 /* FirebaseFirestoreSwift */; };
		E64C415529DB132000496AC8 /* FirebaseInAppMessaging-Beta in Frameworks */ = {isa = PBXBuildFile; productRef = E64C415429DB132000496AC8 /* FirebaseInAppMessaging-Beta */; };
		E64C415729DB132000496AC8 /* FirebaseInAppMessagingSwift-Beta in Frameworks */ = {isa = PBXBuildFile; productRef = E64C415629DB132000496AC8 /* FirebaseInAppMessagingSwift-Beta */; };
		E680D71929D1242800EA61D6 /* AppDelegate.swift in Sources */ = {isa = PBXBuildFile; fileRef = E680D71829D1242800EA61D6 /* AppDelegate.swift */; };
		E680D71B29D1242800EA61D6 /* SceneDelegate.swift in Sources */ = {isa = PBXBuildFile; fileRef = E680D71A29D1242800EA61D6 /* SceneDelegate.swift */; };
		E680D71D29D1242800EA61D6 /* WelcomeViewController.swift in Sources */ = {isa = PBXBuildFile; fileRef = E680D71C29D1242800EA61D6 /* WelcomeViewController.swift */; };
		E680D72029D1242800EA61D6 /* Main.storyboard in Resources */ = {isa = PBXBuildFile; fileRef = E680D71E29D1242800EA61D6 /* Main.storyboard */; };
		E680D72229D1242D00EA61D6 /* Assets.xcassets in Resources */ = {isa = PBXBuildFile; fileRef = E680D72129D1242D00EA61D6 /* Assets.xcassets */; };
		E680D72529D1242D00EA61D6 /* LaunchScreen.storyboard in Resources */ = {isa = PBXBuildFile; fileRef = E680D72329D1242D00EA61D6 /* LaunchScreen.storyboard */; };
		E69956F529DB9956003CC00B /* MainViewController.swift in Sources */ = {isa = PBXBuildFile; fileRef = E69956F429DB9956003CC00B /* MainViewController.swift */; };
		E6D4166029D9FD470087F50D /* LoginViewController.swift in Sources */ = {isa = PBXBuildFile; fileRef = E6D4165F29D9FD470087F50D /* LoginViewController.swift */; };
		E6D4166229D9FD550087F50D /* RegisterViewController.swift in Sources */ = {isa = PBXBuildFile; fileRef = E6D4166129D9FD550087F50D /* RegisterViewController.swift */; };
/* End PBXBuildFile section */

/* Begin PBXFileReference section */
		E6372BD529DC744400BDBE01 /* BettingChartView.swift */ = {isa = PBXFileReference; lastKnownFileType = sourcecode.swift; path = BettingChartView.swift; sourceTree = "<group>"; };
		E64C413C29DA4FFC00496AC8 /* K.swift */ = {isa = PBXFileReference; lastKnownFileType = sourcecode.swift; path = K.swift; sourceTree = "<group>"; };
		E64C413E29DA548700496AC8 /* Utilities.swift */ = {isa = PBXFileReference; lastKnownFileType = sourcecode.swift; path = Utilities.swift; sourceTree = "<group>"; };
		E64C414129DA618800496AC8 /* PaddedTextField.swift */ = {isa = PBXFileReference; lastKnownFileType = sourcecode.swift; path = PaddedTextField.swift; sourceTree = "<group>"; };
		E64C414329DB114400496AC8 /* BirthdayController.swift */ = {isa = PBXFileReference; lastKnownFileType = sourcecode.swift; path = BirthdayController.swift; sourceTree = "<group>"; };
		E64C414529DB128500496AC8 /* GoogleService-Info.plist */ = {isa = PBXFileReference; fileEncoding = 4; lastKnownFileType = text.plist.xml; name = "GoogleService-Info.plist"; path = "../../../../../Downloads/GoogleService-Info.plist"; sourceTree = "<group>"; };
		E680D71529D1242800EA61D6 /* Betting-App.app */ = {isa = PBXFileReference; explicitFileType = wrapper.application; includeInIndex = 0; path = "Betting-App.app"; sourceTree = BUILT_PRODUCTS_DIR; };
		E680D71829D1242800EA61D6 /* AppDelegate.swift */ = {isa = PBXFileReference; lastKnownFileType = sourcecode.swift; path = AppDelegate.swift; sourceTree = "<group>"; };
		E680D71A29D1242800EA61D6 /* SceneDelegate.swift */ = {isa = PBXFileReference; lastKnownFileType = sourcecode.swift; path = SceneDelegate.swift; sourceTree = "<group>"; };
		E680D71C29D1242800EA61D6 /* WelcomeViewController.swift */ = {isa = PBXFileReference; lastKnownFileType = sourcecode.swift; path = WelcomeViewController.swift; sourceTree = "<group>"; };
		E680D71F29D1242800EA61D6 /* Base */ = {isa = PBXFileReference; lastKnownFileType = file.storyboard; name = Base; path = Base.lproj/Main.storyboard; sourceTree = "<group>"; };
		E680D72129D1242D00EA61D6 /* Assets.xcassets */ = {isa = PBXFileReference; lastKnownFileType = folder.assetcatalog; path = Assets.xcassets; sourceTree = "<group>"; };
		E680D72429D1242D00EA61D6 /* Base */ = {isa = PBXFileReference; lastKnownFileType = file.storyboard; name = Base; path = Base.lproj/LaunchScreen.storyboard; sourceTree = "<group>"; };
		E680D72629D1242D00EA61D6 /* Info.plist */ = {isa = PBXFileReference; lastKnownFileType = text.plist.xml; path = Info.plist; sourceTree = "<group>"; };
		E69956F429DB9956003CC00B /* MainViewController.swift */ = {isa = PBXFileReference; lastKnownFileType = sourcecode.swift; path = MainViewController.swift; sourceTree = "<group>"; };
		E6D4165F29D9FD470087F50D /* LoginViewController.swift */ = {isa = PBXFileReference; lastKnownFileType = sourcecode.swift; path = LoginViewController.swift; sourceTree = "<group>"; };
		E6D4166129D9FD550087F50D /* RegisterViewController.swift */ = {isa = PBXFileReference; lastKnownFileType = sourcecode.swift; path = RegisterViewController.swift; sourceTree = "<group>"; };
/* End PBXFileReference section */

/* Begin PBXFrameworksBuildPhase section */
		E680D71229D1242800EA61D6 /* Frameworks */ = {
			isa = PBXFrameworksBuildPhase;
			buildActionMask = 2147483647;
			files = (
				E64C414D29DB132000496AC8 /* FirebaseDatabaseSwift in Frameworks */,
				E64C415529DB132000496AC8 /* FirebaseInAppMessaging-Beta in Frameworks */,
				E64C415729DB132000496AC8 /* FirebaseInAppMessagingSwift-Beta in Frameworks */,
				E64C414F29DB132000496AC8 /* FirebaseFirestore in Frameworks */,
				E64C414B29DB132000496AC8 /* FirebaseDatabase in Frameworks */,
				E64C415129DB132000496AC8 /* FirebaseFirestoreCombine-Community in Frameworks */,
				E64C414929DB132000496AC8 /* FirebaseAuth in Frameworks */,
				E64C415329DB132000496AC8 /* FirebaseFirestoreSwift in Frameworks */,
			);
			runOnlyForDeploymentPostprocessing = 0;
		};
/* End PBXFrameworksBuildPhase section */

/* Begin PBXGroup section */
		E64C414029DA617300496AC8 /* UI Elements */ = {
			isa = PBXGroup;
			children = (
				E64C414129DA618800496AC8 /* PaddedTextField.swift */,
				E6372BD529DC744400BDBE01 /* BettingChartView.swift */,
			);
			path = "UI Elements";
			sourceTree = "<group>";
		};
		E680D70C29D1242800EA61D6 = {
			isa = PBXGroup;
			children = (
				E680D71729D1242800EA61D6 /* Betting-App */,
				E680D71629D1242800EA61D6 /* Products */,
			);
			sourceTree = "<group>";
		};
		E680D71629D1242800EA61D6 /* Products */ = {
			isa = PBXGroup;
			children = (
				E680D71529D1242800EA61D6 /* Betting-App.app */,
			);
			name = Products;
			sourceTree = "<group>";
		};
		E680D71729D1242800EA61D6 /* Betting-App */ = {
			isa = PBXGroup;
			children = (
				E680D71829D1242800EA61D6 /* AppDelegate.swift */,
				E680D71A29D1242800EA61D6 /* SceneDelegate.swift */,
				E6D4165C29D9FCB80087F50D /* Model */,
				E6D4165A29D9FC9A0087F50D /* Views */,
				E6D4165B29D9FCA50087F50D /* Controllers */,
				E680D72129D1242D00EA61D6 /* Assets.xcassets */,
				E680D72329D1242D00EA61D6 /* LaunchScreen.storyboard */,
				E680D72629D1242D00EA61D6 /* Info.plist */,
				E64C414529DB128500496AC8 /* GoogleService-Info.plist */,
				E64C413C29DA4FFC00496AC8 /* K.swift */,
				E64C413E29DA548700496AC8 /* Utilities.swift */,
			);
			path = "Betting-App";
			sourceTree = "<group>";
		};
		E6D4165A29D9FC9A0087F50D /* Views */ = {
			isa = PBXGroup;
			children = (
				E64C414029DA617300496AC8 /* UI Elements */,
				E680D71E29D1242800EA61D6 /* Main.storyboard */,
			);
			path = Views;
			sourceTree = "<group>";
		};
		E6D4165B29D9FCA50087F50D /* Controllers */ = {
			isa = PBXGroup;
			children = (
				E680D71C29D1242800EA61D6 /* WelcomeViewController.swift */,
				E6D4166129D9FD550087F50D /* RegisterViewController.swift */,
				E6D4165F29D9FD470087F50D /* LoginViewController.swift */,
				E64C414329DB114400496AC8 /* BirthdayController.swift */,
				E69956F429DB9956003CC00B /* MainViewController.swift */,
			);
			path = Controllers;
			sourceTree = "<group>";
		};
		E6D4165C29D9FCB80087F50D /* Model */ = {
			isa = PBXGroup;
			children = (
			);
			path = Model;
			sourceTree = "<group>";
		};
/* End PBXGroup section */

/* Begin PBXNativeTarget section */
		E680D71429D1242800EA61D6 /* Betting-App */ = {
			isa = PBXNativeTarget;
			buildConfigurationList = E680D72929D1242D00EA61D6 /* Build configuration list for PBXNativeTarget "Betting-App" */;
			buildPhases = (
				E680D71129D1242800EA61D6 /* Sources */,
				E680D71229D1242800EA61D6 /* Frameworks */,
				E680D71329D1242800EA61D6 /* Resources */,
			);
			buildRules = (
			);
			dependencies = (
			);
			name = "Betting-App";
			packageProductDependencies = (
				E64C414829DB132000496AC8 /* FirebaseAuth */,
				E64C414A29DB132000496AC8 /* FirebaseDatabase */,
				E64C414C29DB132000496AC8 /* FirebaseDatabaseSwift */,
				E64C414E29DB132000496AC8 /* FirebaseFirestore */,
				E64C415029DB132000496AC8 /* FirebaseFirestoreCombine-Community */,
				E64C415229DB132000496AC8 /* FirebaseFirestoreSwift */,
				E64C415429DB132000496AC8 /* FirebaseInAppMessaging-Beta */,
				E64C415629DB132000496AC8 /* FirebaseInAppMessagingSwift-Beta */,
			);
			productName = "Betting-App";
			productReference = E680D71529D1242800EA61D6 /* Betting-App.app */;
			productType = "com.apple.product-type.application";
		};
/* End PBXNativeTarget section */

/* Begin PBXProject section */
		E680D70D29D1242800EA61D6 /* Project object */ = {
			isa = PBXProject;
			attributes = {
				BuildIndependentTargetsInParallel = 1;
				LastSwiftUpdateCheck = 1420;
				LastUpgradeCheck = 1420;
				TargetAttributes = {
					E680D71429D1242800EA61D6 = {
						CreatedOnToolsVersion = 14.2;
					};
				};
			};
			buildConfigurationList = E680D71029D1242800EA61D6 /* Build configuration list for PBXProject "Betting-App" */;
			compatibilityVersion = "Xcode 14.0";
			developmentRegion = en;
			hasScannedForEncodings = 0;
			knownRegions = (
				en,
				Base,
			);
			mainGroup = E680D70C29D1242800EA61D6;
			packageReferences = (
				E64C414729DB132000496AC8 /* XCRemoteSwiftPackageReference "firebase-ios-sdk" */,
			);
			productRefGroup = E680D71629D1242800EA61D6 /* Products */;
			projectDirPath = "";
			projectRoot = "";
			targets = (
				E680D71429D1242800EA61D6 /* Betting-App */,
			);
		};
/* End PBXProject section */

/* Begin PBXResourcesBuildPhase section */
		E680D71329D1242800EA61D6 /* Resources */ = {
			isa = PBXResourcesBuildPhase;
			buildActionMask = 2147483647;
			files = (
				E680D72529D1242D00EA61D6 /* LaunchScreen.storyboard in Resources */,
				E64C414629DB128500496AC8 /* GoogleService-Info.plist in Resources */,
				E680D72229D1242D00EA61D6 /* Assets.xcassets in Resources */,
				E680D72029D1242800EA61D6 /* Main.storyboard in Resources */,
			);
			runOnlyForDeploymentPostprocessing = 0;
		};
/* End PBXResourcesBuildPhase section */

/* Begin PBXSourcesBuildPhase section */
		E680D71129D1242800EA61D6 /* Sources */ = {
			isa = PBXSourcesBuildPhase;
			buildActionMask = 2147483647;
			files = (
				E6D4166029D9FD470087F50D /* LoginViewController.swift in Sources */,
				E64C413D29DA4FFC00496AC8 /* K.swift in Sources */,
				E64C413F29DA548700496AC8 /* Utilities.swift in Sources */,
				E64C414229DA618800496AC8 /* PaddedTextField.swift in Sources */,
				E69956F529DB9956003CC00B /* MainViewController.swift in Sources */,
				E6D4166229D9FD550087F50D /* RegisterViewController.swift in Sources */,
				E64C414429DB114500496AC8 /* BirthdayController.swift in Sources */,
				E680D71D29D1242800EA61D6 /* WelcomeViewController.swift in Sources */,
				E680D71929D1242800EA61D6 /* AppDelegate.swift in Sources */,
				E680D71B29D1242800EA61D6 /* SceneDelegate.swift in Sources */,
				E6372BD629DC744400BDBE01 /* BettingChartView.swift in Sources */,
			);
			runOnlyForDeploymentPostprocessing = 0;
		};
/* End PBXSourcesBuildPhase section */

/* Begin PBXVariantGroup section */
		E680D71E29D1242800EA61D6 /* Main.storyboard */ = {
			isa = PBXVariantGroup;
			children = (
				E680D71F29D1242800EA61D6 /* Base */,
			);
			name = Main.storyboard;
			sourceTree = "<group>";
		};
		E680D72329D1242D00EA61D6 /* LaunchScreen.storyboard */ = {
			isa = PBXVariantGroup;
			children = (
				E680D72429D1242D00EA61D6 /* Base */,
			);
			name = LaunchScreen.storyboard;
			sourceTree = "<group>";
		};
/* End PBXVariantGroup section */

/* Begin XCBuildConfiguration section */
		E680D72729D1242D00EA61D6 /* Debug */ = {
			isa = XCBuildConfiguration;
			buildSettings = {
				ALWAYS_SEARCH_USER_PATHS = NO;
				CLANG_ANALYZER_NONNULL = YES;
				CLANG_ANALYZER_NUMBER_OBJECT_CONVERSION = YES_AGGRESSIVE;
				CLANG_CXX_LANGUAGE_STANDARD = "gnu++20";
				CLANG_ENABLE_MODULES = YES;
				CLANG_ENABLE_OBJC_ARC = YES;
				CLANG_ENABLE_OBJC_WEAK = YES;
				CLANG_WARN_BLOCK_CAPTURE_AUTORELEASING = YES;
				CLANG_WARN_BOOL_CONVERSION = YES;
				CLANG_WARN_COMMA = YES;
				CLANG_WARN_CONSTANT_CONVERSION = YES;
				CLANG_WARN_DEPRECATED_OBJC_IMPLEMENTATIONS = YES;
				CLANG_WARN_DIRECT_OBJC_ISA_USAGE = YES_ERROR;
				CLANG_WARN_DOCUMENTATION_COMMENTS = YES;
				CLANG_WARN_EMPTY_BODY = YES;
				CLANG_WARN_ENUM_CONVERSION = YES;
				CLANG_WARN_INFINITE_RECURSION = YES;
				CLANG_WARN_INT_CONVERSION = YES;
				CLANG_WARN_NON_LITERAL_NULL_CONVERSION = YES;
				CLANG_WARN_OBJC_IMPLICIT_RETAIN_SELF = YES;
				CLANG_WARN_OBJC_LITERAL_CONVERSION = YES;
				CLANG_WARN_OBJC_ROOT_CLASS = YES_ERROR;
				CLANG_WARN_QUOTED_INCLUDE_IN_FRAMEWORK_HEADER = YES;
				CLANG_WARN_RANGE_LOOP_ANALYSIS = YES;
				CLANG_WARN_STRICT_PROTOTYPES = YES;
				CLANG_WARN_SUSPICIOUS_MOVE = YES;
				CLANG_WARN_UNGUARDED_AVAILABILITY = YES_AGGRESSIVE;
				CLANG_WARN_UNREACHABLE_CODE = YES;
				CLANG_WARN__DUPLICATE_METHOD_MATCH = YES;
				COPY_PHASE_STRIP = NO;
				DEBUG_INFORMATION_FORMAT = dwarf;
				ENABLE_STRICT_OBJC_MSGSEND = YES;
				ENABLE_TESTABILITY = YES;
				GCC_C_LANGUAGE_STANDARD = gnu11;
				GCC_DYNAMIC_NO_PIC = NO;
				GCC_NO_COMMON_BLOCKS = YES;
				GCC_OPTIMIZATION_LEVEL = 0;
				GCC_PREPROCESSOR_DEFINITIONS = (
					"DEBUG=1",
					"$(inherited)",
				);
				GCC_WARN_64_TO_32_BIT_CONVERSION = YES;
				GCC_WARN_ABOUT_RETURN_TYPE = YES_ERROR;
				GCC_WARN_UNDECLARED_SELECTOR = YES;
				GCC_WARN_UNINITIALIZED_AUTOS = YES_AGGRESSIVE;
				GCC_WARN_UNUSED_FUNCTION = YES;
				GCC_WARN_UNUSED_VARIABLE = YES;
				IPHONEOS_DEPLOYMENT_TARGET = 16.2;
				MTL_ENABLE_DEBUG_INFO = INCLUDE_SOURCE;
				MTL_FAST_MATH = YES;
				ONLY_ACTIVE_ARCH = YES;
				SDKROOT = iphoneos;
				SWIFT_ACTIVE_COMPILATION_CONDITIONS = DEBUG;
				SWIFT_OPTIMIZATION_LEVEL = "-Onone";
			};
			name = Debug;
		};
		E680D72829D1242D00EA61D6 /* Release */ = {
			isa = XCBuildConfiguration;
			buildSettings = {
				ALWAYS_SEARCH_USER_PATHS = NO;
				CLANG_ANALYZER_NONNULL = YES;
				CLANG_ANALYZER_NUMBER_OBJECT_CONVERSION = YES_AGGRESSIVE;
				CLANG_CXX_LANGUAGE_STANDARD = "gnu++20";
				CLANG_ENABLE_MODULES = YES;
				CLANG_ENABLE_OBJC_ARC = YES;
				CLANG_ENABLE_OBJC_WEAK = YES;
				CLANG_WARN_BLOCK_CAPTURE_AUTORELEASING = YES;
				CLANG_WARN_BOOL_CONVERSION = YES;
				CLANG_WARN_COMMA = YES;
				CLANG_WARN_CONSTANT_CONVERSION = YES;
				CLANG_WARN_DEPRECATED_OBJC_IMPLEMENTATIONS = YES;
				CLANG_WARN_DIRECT_OBJC_ISA_USAGE = YES_ERROR;
				CLANG_WARN_DOCUMENTATION_COMMENTS = YES;
				CLANG_WARN_EMPTY_BODY = YES;
				CLANG_WARN_ENUM_CONVERSION = YES;
				CLANG_WARN_INFINITE_RECURSION = YES;
				CLANG_WARN_INT_CONVERSION = YES;
				CLANG_WARN_NON_LITERAL_NULL_CONVERSION = YES;
				CLANG_WARN_OBJC_IMPLICIT_RETAIN_SELF = YES;
				CLANG_WARN_OBJC_LITERAL_CONVERSION = YES;
				CLANG_WARN_OBJC_ROOT_CLASS = YES_ERROR;
				CLANG_WARN_QUOTED_INCLUDE_IN_FRAMEWORK_HEADER = YES;
				CLANG_WARN_RANGE_LOOP_ANALYSIS = YES;
				CLANG_WARN_STRICT_PROTOTYPES = YES;
				CLANG_WARN_SUSPICIOUS_MOVE = YES;
				CLANG_WARN_UNGUARDED_AVAILABILITY = YES_AGGRESSIVE;
				CLANG_WARN_UNREACHABLE_CODE = YES;
				CLANG_WARN__DUPLICATE_METHOD_MATCH = YES;
				COPY_PHASE_STRIP = NO;
				DEBUG_INFORMATION_FORMAT = "dwarf-with-dsym";
				ENABLE_NS_ASSERTIONS = NO;
				ENABLE_STRICT_OBJC_MSGSEND = YES;
				GCC_C_LANGUAGE_STANDARD = gnu11;
				GCC_NO_COMMON_BLOCKS = YES;
				GCC_WARN_64_TO_32_BIT_CONVERSION = YES;
				GCC_WARN_ABOUT_RETURN_TYPE = YES_ERROR;
				GCC_WARN_UNDECLARED_SELECTOR = YES;
				GCC_WARN_UNINITIALIZED_AUTOS = YES_AGGRESSIVE;
				GCC_WARN_UNUSED_FUNCTION = YES;
				GCC_WARN_UNUSED_VARIABLE = YES;
				IPHONEOS_DEPLOYMENT_TARGET = 16.2;
				MTL_ENABLE_DEBUG_INFO = NO;
				MTL_FAST_MATH = YES;
				SDKROOT = iphoneos;
				SWIFT_COMPILATION_MODE = wholemodule;
				SWIFT_OPTIMIZATION_LEVEL = "-O";
				VALIDATE_PRODUCT = YES;
			};
			name = Release;
		};
		E680D72A29D1242D00EA61D6 /* Debug */ = {
			isa = XCBuildConfiguration;
			buildSettings = {
				ASSETCATALOG_COMPILER_APPICON_NAME = AppIcon;
				ASSETCATALOG_COMPILER_GLOBAL_ACCENT_COLOR_NAME = AccentColor;
				CODE_SIGN_STYLE = Automatic;
				CURRENT_PROJECT_VERSION = 1;
				DEVELOPMENT_TEAM = 59DXMVY9R4;
				GENERATE_INFOPLIST_FILE = YES;
				INFOPLIST_FILE = "Betting-App/Info.plist";
				INFOPLIST_KEY_CFBundleDisplayName = "Ok Bet";
				INFOPLIST_KEY_LSApplicationCategoryType = "public.app-category.entertainment";
				INFOPLIST_KEY_UIApplicationSupportsIndirectInputEvents = YES;
				INFOPLIST_KEY_UILaunchStoryboardName = LaunchScreen;
				INFOPLIST_KEY_UIMainStoryboardFile = Main;
				INFOPLIST_KEY_UISupportedInterfaceOrientations = UIInterfaceOrientationPortrait;
				INFOPLIST_KEY_UISupportedInterfaceOrientations_iPad = "UIInterfaceOrientationLandscapeLeft UIInterfaceOrientationLandscapeRight UIInterfaceOrientationPortrait UIInterfaceOrientationPortraitUpsideDown";
				IPHONEOS_DEPLOYMENT_TARGET = 16.0;
				LD_RUNPATH_SEARCH_PATHS = (
					"$(inherited)",
					"@executable_path/Frameworks",
				);
				MARKETING_VERSION = 1.0;
				PRODUCT_BUNDLE_IDENTIFIER = "co.petariliev.Ok-Bet";
				PRODUCT_NAME = "$(TARGET_NAME)";
				SUPPORTED_PLATFORMS = "iphoneos iphonesimulator";
				SUPPORTS_MACCATALYST = NO;
				SUPPORTS_MAC_DESIGNED_FOR_IPHONE_IPAD = NO;
				SWIFT_EMIT_LOC_STRINGS = YES;
				SWIFT_VERSION = 5.0;
				TARGETED_DEVICE_FAMILY = 1;
			};
			name = Debug;
		};
		E680D72B29D1242D00EA61D6 /* Release */ = {
			isa = XCBuildConfiguration;
			buildSettings = {
				ASSETCATALOG_COMPILER_APPICON_NAME = AppIcon;
				ASSETCATALOG_COMPILER_GLOBAL_ACCENT_COLOR_NAME = AccentColor;
				CODE_SIGN_STYLE = Automatic;
				CURRENT_PROJECT_VERSION = 1;
				DEVELOPMENT_TEAM = 59DXMVY9R4;
				GENERATE_INFOPLIST_FILE = YES;
				INFOPLIST_FILE = "Betting-App/Info.plist";
				INFOPLIST_KEY_CFBundleDisplayName = "Ok Bet";
				INFOPLIST_KEY_LSApplicationCategoryType = "public.app-category.entertainment";
				INFOPLIST_KEY_UIApplicationSupportsIndirectInputEvents = YES;
				INFOPLIST_KEY_UILaunchStoryboardName = LaunchScreen;
				INFOPLIST_KEY_UIMainStoryboardFile = Main;
				INFOPLIST_KEY_UISupportedInterfaceOrientations = UIInterfaceOrientationPortrait;
				INFOPLIST_KEY_UISupportedInterfaceOrientations_iPad = "UIInterfaceOrientationLandscapeLeft UIInterfaceOrientationLandscapeRight UIInterfaceOrientationPortrait UIInterfaceOrientationPortraitUpsideDown";
				IPHONEOS_DEPLOYMENT_TARGET = 16.0;
				LD_RUNPATH_SEARCH_PATHS = (
					"$(inherited)",
					"@executable_path/Frameworks",
				);
				MARKETING_VERSION = 1.0;
				PRODUCT_BUNDLE_IDENTIFIER = "co.petariliev.Ok-Bet";
				PRODUCT_NAME = "$(TARGET_NAME)";
				SUPPORTED_PLATFORMS = "iphoneos iphonesimulator";
				SUPPORTS_MACCATALYST = NO;
				SUPPORTS_MAC_DESIGNED_FOR_IPHONE_IPAD = NO;
				SWIFT_EMIT_LOC_STRINGS = YES;
				SWIFT_VERSION = 5.0;
				TARGETED_DEVICE_FAMILY = 1;
			};
			name = Release;
		};
/* End XCBuildConfiguration section */

/* Begin XCConfigurationList section */
		E680D71029D1242800EA61D6 /* Build configuration list for PBXProject "Betting-App" */ = {
			isa = XCConfigurationList;
			buildConfigurations = (
				E680D72729D1242D00EA61D6 /* Debug */,
				E680D72829D1242D00EA61D6 /* Release */,
			);
			defaultConfigurationIsVisible = 0;
			defaultConfigurationName = Release;
		};
		E680D72929D1242D00EA61D6 /* Build configuration list for PBXNativeTarget "Betting-App" */ = {
			isa = XCConfigurationList;
			buildConfigurations = (
				E680D72A29D1242D00EA61D6 /* Debug */,
				E680D72B29D1242D00EA61D6 /* Release */,
			);
			defaultConfigurationIsVisible = 0;
			defaultConfigurationName = Release;
		};
/* End XCConfigurationList section */

/* Begin XCRemoteSwiftPackageReference section */
		E64C414729DB132000496AC8 /* XCRemoteSwiftPackageReference "firebase-ios-sdk" */ = {
			isa = XCRemoteSwiftPackageReference;
			repositoryURL = "https://github.com/firebase/firebase-ios-sdk";
			requirement = {
				kind = upToNextMajorVersion;
				minimumVersion = 10.0.0;
			};
		};
/* End XCRemoteSwiftPackageReference section */

/* Begin XCSwiftPackageProductDependency section */
		E64C414829DB132000496AC8 /* FirebaseAuth */ = {
			isa = XCSwiftPackageProductDependency;
			package = E64C414729DB132000496AC8 /* XCRemoteSwiftPackageReference "firebase-ios-sdk" */;
			productName = FirebaseAuth;
		};
		E64C414A29DB132000496AC8 /* FirebaseDatabase */ = {
			isa = XCSwiftPackageProductDependency;
			package = E64C414729DB132000496AC8 /* XCRemoteSwiftPackageReference "firebase-ios-sdk" */;
			productName = FirebaseDatabase;
		};
		E64C414C29DB132000496AC8 /* FirebaseDatabaseSwift */ = {
			isa = XCSwiftPackageProductDependency;
			package = E64C414729DB132000496AC8 /* XCRemoteSwiftPackageReference "firebase-ios-sdk" */;
			productName = FirebaseDatabaseSwift;
		};
		E64C414E29DB132000496AC8 /* FirebaseFirestore */ = {
			isa = XCSwiftPackageProductDependency;
			package = E64C414729DB132000496AC8 /* XCRemoteSwiftPackageReference "firebase-ios-sdk" */;
			productName = FirebaseFirestore;
		};
		E64C415029DB132000496AC8 /* FirebaseFirestoreCombine-Community */ = {
			isa = XCSwiftPackageProductDependency;
			package = E64C414729DB132000496AC8 /* XCRemoteSwiftPackageReference "firebase-ios-sdk" */;
			productName = "FirebaseFirestoreCombine-Community";
		};
		E64C415229DB132000496AC8 /* FirebaseFirestoreSwift */ = {
			isa = XCSwiftPackageProductDependency;
			package = E64C414729DB132000496AC8 /* XCRemoteSwiftPackageReference "firebase-ios-sdk" */;
			productName = FirebaseFirestoreSwift;
		};
		E64C415429DB132000496AC8 /* FirebaseInAppMessaging-Beta */ = {
			isa = XCSwiftPackageProductDependency;
			package = E64C414729DB132000496AC8 /* XCRemoteSwiftPackageReference "firebase-ios-sdk" */;
			productName = "FirebaseInAppMessaging-Beta";
		};
		E64C415629DB132000496AC8 /* FirebaseInAppMessagingSwift-Beta */ = {
			isa = XCSwiftPackageProductDependency;
			package = E64C414729DB132000496AC8 /* XCRemoteSwiftPackageReference "firebase-ios-sdk" */;
			productName = "FirebaseInAppMessagingSwift-Beta";
		};
/* End XCSwiftPackageProductDependency section */
	};
	rootObject = E680D70D29D1242800EA61D6 /* Project object */;
}
